// !$*UTF8*$!
{
	archiveVersion = 1;
	classes = {
	};
	objectVersion = 77;
	objects = {

/* Begin PBXContainerItemProxy section */
		11D1BB1A2D3811B000094717 /* PBXContainerItemProxy */ = {
			isa = PBXContainerItemProxy;
			containerPortal = 11D1BAF82D3811AF00094717 /* Project object */;
			proxyType = 1;
			remoteGlobalIDString = 11D1BAFF2D3811AF00094717;
			remoteInfo = "WhatToDo Planner";
		};
		11D1BB242D3811B100094717 /* PBXContainerItemProxy */ = {
			isa = PBXContainerItemProxy;
			containerPortal = 11D1BAF82D3811AF00094717 /* Project object */;
			proxyType = 1;
			remoteGlobalIDString = 11D1BAFF2D3811AF00094717;
			remoteInfo = "WhatToDo Planner";
		};
/* End PBXContainerItemProxy section */

/* Begin PBXFileReference section */
		11D1BB002D3811AF00094717 /* WhatToDo Planner.app */ = {isa = PBXFileReference; explicitFileType = wrapper.application; includeInIndex = 0; path = "WhatToDo Planner.app"; sourceTree = BUILT_PRODUCTS_DIR; };
		11D1BB192D3811B000094717 /* WhatToDo PlannerTests.xctest */ = {isa = PBXFileReference; explicitFileType = wrapper.cfbundle; includeInIndex = 0; path = "WhatToDo PlannerTests.xctest"; sourceTree = BUILT_PRODUCTS_DIR; };
		11D1BB232D3811B100094717 /* WhatToDo PlannerUITests.xctest */ = {isa = PBXFileReference; explicitFileType = wrapper.cfbundle; includeInIndex = 0; path = "WhatToDo PlannerUITests.xctest"; sourceTree = BUILT_PRODUCTS_DIR; };
/* End PBXFileReference section */

/* Begin PBXFileSystemSynchronizedBuildFileExceptionSet section */
		11D1BB2B2D3811B100094717 /* Exceptions for "WhatToDo Planner" folder in "WhatToDo Planner" target */ = {
			isa = PBXFileSystemSynchronizedBuildFileExceptionSet;
			membershipExceptions = (
				Info.plist,
			);
			target = 11D1BAFF2D3811AF00094717 /* WhatToDo Planner */;
		};
/* End PBXFileSystemSynchronizedBuildFileExceptionSet section */

/* Begin PBXFileSystemSynchronizedRootGroup section */
		11D1BB022D3811AF00094717 /* WhatToDo Planner */ = {
			isa = PBXFileSystemSynchronizedRootGroup;
			exceptions = (
				11D1BB2B2D3811B100094717 /* Exceptions for "WhatToDo Planner" folder in "WhatToDo Planner" target */,
			);
			path = "WhatToDo Planner";
			sourceTree = "<group>";
		};
		11D1BB1C2D3811B100094717 /* WhatToDo PlannerTests */ = {
			isa = PBXFileSystemSynchronizedRootGroup;
			path = "WhatToDo PlannerTests";
			sourceTree = "<group>";
		};
		11D1BB262D3811B100094717 /* WhatToDo PlannerUITests */ = {
			isa = PBXFileSystemSynchronizedRootGroup;
			path = "WhatToDo PlannerUITests";
			sourceTree = "<group>";
		};
/* End PBXFileSystemSynchronizedRootGroup section */

/* Begin PBXFrameworksBuildPhase section */
		11D1BAFD2D3811AF00094717 /* Frameworks */ = {
			isa = PBXFrameworksBuildPhase;
			buildActionMask = 2147483647;
			files = (
			);
			runOnlyForDeploymentPostprocessing = 0;
		};
		11D1BB162D3811B000094717 /* Frameworks */ = {
			isa = PBXFrameworksBuildPhase;
			buildActionMask = 2147483647;
			files = (
			);
			runOnlyForDeploymentPostprocessing = 0;
		};
		11D1BB202D3811B100094717 /* Frameworks */ = {
			isa = PBXFrameworksBuildPhase;
			buildActionMask = 2147483647;
			files = (
			);
			runOnlyForDeploymentPostprocessing = 0;
		};
/* End PBXFrameworksBuildPhase section */

/* Begin PBXGroup section */
		11D1BAF72D3811AF00094717 = {
			isa = PBXGroup;
			children = (
				11D1BB022D3811AF00094717 /* WhatToDo Planner */,
				11D1BB1C2D3811B100094717 /* WhatToDo PlannerTests */,
				11D1BB262D3811B100094717 /* WhatToDo PlannerUITests */,
				11D1BB012D3811AF00094717 /* Products */,
			);
			sourceTree = "<group>";
		};
		11D1BB012D3811AF00094717 /* Products */ = {
			isa = PBXGroup;
			children = (
				11D1BB002D3811AF00094717 /* WhatToDo Planner.app */,
				11D1BB192D3811B000094717 /* WhatToDo PlannerTests.xctest */,
				11D1BB232D3811B100094717 /* WhatToDo PlannerUITests.xctest */,
			);
			name = Products;
			sourceTree = "<group>";
		};
/* End PBXGroup section */

/* Begin PBXNativeTarget section */
		11D1BAFF2D3811AF00094717 /* WhatToDo Planner */ = {
			isa = PBXNativeTarget;
			buildConfigurationList = 11D1BB2C2D3811B100094717 /* Build configuration list for PBXNativeTarget "WhatToDo Planner" */;
			buildPhases = (
				11D1BAFC2D3811AF00094717 /* Sources */,
				11D1BAFD2D3811AF00094717 /* Frameworks */,
				11D1BAFE2D3811AF00094717 /* Resources */,
			);
			buildRules = (
			);
			dependencies = (
			);
			fileSystemSynchronizedGroups = (
				11D1BB022D3811AF00094717 /* WhatToDo Planner */,
			);
			name = "WhatToDo Planner";
			packageProductDependencies = (
			);
			productName = "WhatToDo Planner";
			productReference = 11D1BB002D3811AF00094717 /* WhatToDo Planner.app */;
			productType = "com.apple.product-type.application";
		};
		11D1BB182D3811B000094717 /* WhatToDo PlannerTests */ = {
			isa = PBXNativeTarget;
			buildConfigurationList = 11D1BB312D3811B100094717 /* Build configuration list for PBXNativeTarget "WhatToDo PlannerTests" */;
			buildPhases = (
				11D1BB152D3811B000094717 /* Sources */,
				11D1BB162D3811B000094717 /* Frameworks */,
				11D1BB172D3811B000094717 /* Resources */,
			);
			buildRules = (
			);
			dependencies = (
				11D1BB1B2D3811B000094717 /* PBXTargetDependency */,
			);
			fileSystemSynchronizedGroups = (
				11D1BB1C2D3811B100094717 /* WhatToDo PlannerTests */,
			);
			name = "WhatToDo PlannerTests";
			packageProductDependencies = (
			);
			productName = "WhatToDo PlannerTests";
			productReference = 11D1BB192D3811B000094717 /* WhatToDo PlannerTests.xctest */;
			productType = "com.apple.product-type.bundle.unit-test";
		};
		11D1BB222D3811B100094717 /* WhatToDo PlannerUITests */ = {
			isa = PBXNativeTarget;
			buildConfigurationList = 11D1BB342D3811B100094717 /* Build configuration list for PBXNativeTarget "WhatToDo PlannerUITests" */;
			buildPhases = (
				11D1BB1F2D3811B100094717 /* Sources */,
				11D1BB202D3811B100094717 /* Frameworks */,
				11D1BB212D3811B100094717 /* Resources */,
			);
			buildRules = (
			);
			dependencies = (
				11D1BB252D3811B100094717 /* PBXTargetDependency */,
			);
			fileSystemSynchronizedGroups = (
				11D1BB262D3811B100094717 /* WhatToDo PlannerUITests */,
			);
			name = "WhatToDo PlannerUITests";
			packageProductDependencies = (
			);
			productName = "WhatToDo PlannerUITests";
			productReference = 11D1BB232D3811B100094717 /* WhatToDo PlannerUITests.xctest */;
			productType = "com.apple.product-type.bundle.ui-testing";
		};
/* End PBXNativeTarget section */

/* Begin PBXProject section */
		11D1BAF82D3811AF00094717 /* Project object */ = {
			isa = PBXProject;
			attributes = {
				BuildIndependentTargetsInParallel = 1;
				LastSwiftUpdateCheck = 1600;
				LastUpgradeCheck = 1600;
				TargetAttributes = {
					11D1BAFF2D3811AF00094717 = {
						CreatedOnToolsVersion = 16.0;
					};
					11D1BB182D3811B000094717 = {
						CreatedOnToolsVersion = 16.0;
						TestTargetID = 11D1BAFF2D3811AF00094717;
					};
					11D1BB222D3811B100094717 = {
						CreatedOnToolsVersion = 16.0;
						TestTargetID = 11D1BAFF2D3811AF00094717;
					};
				};
			};
			buildConfigurationList = 11D1BAFB2D3811AF00094717 /* Build configuration list for PBXProject "WhatToDo Planner" */;
			developmentRegion = en;
			hasScannedForEncodings = 0;
			knownRegions = (
				en,
				Base,
			);
			mainGroup = 11D1BAF72D3811AF00094717;
			minimizedProjectReferenceProxies = 1;
			preferredProjectObjectVersion = 77;
			productRefGroup = 11D1BB012D3811AF00094717 /* Products */;
			projectDirPath = "";
			projectRoot = "";
			targets = (
				11D1BAFF2D3811AF00094717 /* WhatToDo Planner */,
				11D1BB182D3811B000094717 /* WhatToDo PlannerTests */,
				11D1BB222D3811B100094717 /* WhatToDo PlannerUITests */,
			);
		};
/* End PBXProject section */

/* Begin PBXResourcesBuildPhase section */
		11D1BAFE2D3811AF00094717 /* Resources */ = {
			isa = PBXResourcesBuildPhase;
			buildActionMask = 2147483647;
			files = (
			);
			runOnlyForDeploymentPostprocessing = 0;
		};
		11D1BB172D3811B000094717 /* Resources */ = {
			isa = PBXResourcesBuildPhase;
			buildActionMask = 2147483647;
			files = (
			);
			runOnlyForDeploymentPostprocessing = 0;
		};
		11D1BB212D3811B100094717 /* Resources */ = {
			isa = PBXResourcesBuildPhase;
			buildActionMask = 2147483647;
			files = (
			);
			runOnlyForDeploymentPostprocessing = 0;
		};
/* End PBXResourcesBuildPhase section */

/* Begin PBXSourcesBuildPhase section */
		11D1BAFC2D3811AF00094717 /* Sources */ = {
			isa = PBXSourcesBuildPhase;
			buildActionMask = 2147483647;
			files = (
			);
			runOnlyForDeploymentPostprocessing = 0;
		};
		11D1BB152D3811B000094717 /* Sources */ = {
			isa = PBXSourcesBuildPhase;
			buildActionMask = 2147483647;
			files = (
			);
			runOnlyForDeploymentPostprocessing = 0;
		};
		11D1BB1F2D3811B100094717 /* Sources */ = {
			isa = PBXSourcesBuildPhase;
			buildActionMask = 2147483647;
			files = (
			);
			runOnlyForDeploymentPostprocessing = 0;
		};
/* End PBXSourcesBuildPhase section */

/* Begin PBXTargetDependency section */
		11D1BB1B2D3811B000094717 /* PBXTargetDependency */ = {
			isa = PBXTargetDependency;
			target = 11D1BAFF2D3811AF00094717 /* WhatToDo Planner */;
			targetProxy = 11D1BB1A2D3811B000094717 /* PBXContainerItemProxy */;
		};
		11D1BB252D3811B100094717 /* PBXTargetDependency */ = {
			isa = PBXTargetDependency;
			target = 11D1BAFF2D3811AF00094717 /* WhatToDo Planner */;
			targetProxy = 11D1BB242D3811B100094717 /* PBXContainerItemProxy */;
		};
/* End PBXTargetDependency section */

/* Begin XCBuildConfiguration section */
		11D1BB2D2D3811B100094717 /* Debug */ = {
			isa = XCBuildConfiguration;
			buildSettings = {
				ASSETCATALOG_COMPILER_APPICON_NAME = AppIcon;
				ASSETCATALOG_COMPILER_GLOBAL_ACCENT_COLOR_NAME = AccentColor;
				CODE_SIGN_STYLE = Automatic;
				CURRENT_PROJECT_VERSION = 1;
				DEVELOPMENT_TEAM = 53QN3B43CT;
				GENERATE_INFOPLIST_FILE = YES;
				INFOPLIST_FILE = "WhatToDo Planner/Info.plist";
				INFOPLIST_KEY_UIApplicationSupportsIndirectInputEvents = YES;
				INFOPLIST_KEY_UILaunchStoryboardName = LaunchScreen;
				INFOPLIST_KEY_UISupportedInterfaceOrientations_iPad = "UIInterfaceOrientationPortrait UIInterfaceOrientationPortraitUpsideDown UIInterfaceOrientationLandscapeLeft UIInterfaceOrientationLandscapeRight";
				INFOPLIST_KEY_UISupportedInterfaceOrientations_iPhone = "UIInterfaceOrientationPortrait UIInterfaceOrientationLandscapeLeft UIInterfaceOrientationLandscapeRight";
				IPHONEOS_DEPLOYMENT_TARGET = 15.6;
				LD_RUNPATH_SEARCH_PATHS = (
					"$(inherited)",
					"@executable_path/Frameworks",
				);
				MARKETING_VERSION = 1.0;
				PRODUCT_BUNDLE_IDENTIFIER = "hseproject.WhatToDo-Planner";
				PRODUCT_NAME = "$(TARGET_NAME)";
				SWIFT_EMIT_LOC_STRINGS = YES;
				SWIFT_VERSION = 5.0;
				TARGETED_DEVICE_FAMILY = "1,2";
			};
			name = Debug;
		};
		11D1BB2E2D3811B100094717 /* Release */ = {
			isa = XCBuildConfiguration;
			buildSettings = {
				ASSETCATALOG_COMPILER_APPICON_NAME = AppIcon;
				ASSETCATALOG_COMPILER_GLOBAL_ACCENT_COLOR_NAME = AccentColor;
				CODE_SIGN_STYLE = Automatic;
				CURRENT_PROJECT_VERSION = 1;
				DEVELOPMENT_TEAM = 53QN3B43CT;
				GENERATE_INFOPLIST_FILE = YES;
				INFOPLIST_FILE = "WhatToDo Planner/Info.plist";
				INFOPLIST_KEY_UIApplicationSupportsIndirectInputEvents = YES;
				INFOPLIST_KEY_UILaunchStoryboardName = LaunchScreen;
				INFOPLIST_KEY_UISupportedInterfaceOrientations_iPad = "UIInterfaceOrientationPortrait UIInterfaceOrientationPortraitUpsideDown UIInterfaceOrientationLandscapeLeft UIInterfaceOrientationLandscapeRight";
				INFOPLIST_KEY_UISupportedInterfaceOrientations_iPhone = "UIInterfaceOrientationPortrait UIInterfaceOrientationLandscapeLeft UIInterfaceOrientationLandscapeRight";
				IPHONEOS_DEPLOYMENT_TARGET = 15.6;
				LD_RUNPATH_SEARCH_PATHS = (
					"$(inherited)",
					"@executable_path/Frameworks",
				);
				MARKETING_VERSION = 1.0;
				PRODUCT_BUNDLE_IDENTIFIER = "hseproject.WhatToDo-Planner";
				PRODUCT_NAME = "$(TARGET_NAME)";
				SWIFT_EMIT_LOC_STRINGS = YES;
				SWIFT_VERSION = 5.0;
				TARGETED_DEVICE_FAMILY = "1,2";
			};
			name = Release;
		};
		11D1BB2F2D3811B100094717 /* Debug */ = {
			isa = XCBuildConfiguration;
			buildSettings = {
				ALWAYS_SEARCH_USER_PATHS = NO;
				ASSETCATALOG_COMPILER_GENERATE_SWIFT_ASSET_SYMBOL_EXTENSIONS = YES;
				CLANG_ANALYZER_NONNULL = YES;
				CLANG_ANALYZER_NUMBER_OBJECT_CONVERSION = YES_AGGRESSIVE;
				CLANG_CXX_LANGUAGE_STANDARD = "gnu++20";
				CLANG_ENABLE_MODULES = YES;
				CLANG_ENABLE_OBJC_ARC = YES;
				CLANG_ENABLE_OBJC_WEAK = YES;
				CLANG_WARN_BLOCK_CAPTURE_AUTORELEASING = YES;
				CLANG_WARN_BOOL_CONVERSION = YES;
				CLANG_WARN_COMMA = YES;
				CLANG_WARN_CONSTANT_CONVERSION = YES;
				CLANG_WARN_DEPRECATED_OBJC_IMPLEMENTATIONS = YES;
				CLANG_WARN_DIRECT_OBJC_ISA_USAGE = YES_ERROR;
				CLANG_WARN_DOCUMENTATION_COMMENTS = YES;
				CLANG_WARN_EMPTY_BODY = YES;
				CLANG_WARN_ENUM_CONVERSION = YES;
				CLANG_WARN_INFINITE_RECURSION = YES;
				CLANG_WARN_INT_CONVERSION = YES;
				CLANG_WARN_NON_LITERAL_NULL_CONVERSION = YES;
				CLANG_WARN_OBJC_IMPLICIT_RETAIN_SELF = YES;
				CLANG_WARN_OBJC_LITERAL_CONVERSION = YES;
				CLANG_WARN_OBJC_ROOT_CLASS = YES_ERROR;
				CLANG_WARN_QUOTED_INCLUDE_IN_FRAMEWORK_HEADER = YES;
				CLANG_WARN_RANGE_LOOP_ANALYSIS = YES;
				CLANG_WARN_STRICT_PROTOTYPES = YES;
				CLANG_WARN_SUSPICIOUS_MOVE = YES;
				CLANG_WARN_UNGUARDED_AVAILABILITY = YES_AGGRESSIVE;
				CLANG_WARN_UNREACHABLE_CODE = YES;
				CLANG_WARN__DUPLICATE_METHOD_MATCH = YES;
				COPY_PHASE_STRIP = NO;
				DEBUG_INFORMATION_FORMAT = dwarf;
				ENABLE_STRICT_OBJC_MSGSEND = YES;
				ENABLE_TESTABILITY = YES;
				ENABLE_USER_SCRIPT_SANDBOXING = YES;
				GCC_C_LANGUAGE_STANDARD = gnu17;
				GCC_DYNAMIC_NO_PIC = NO;
				GCC_NO_COMMON_BLOCKS = YES;
				GCC_OPTIMIZATION_LEVEL = 0;
				GCC_PREPROCESSOR_DEFINITIONS = (
					"DEBUG=1",
					"$(inherited)",
				);
				GCC_WARN_64_TO_32_BIT_CONVERSION = YES;
				GCC_WARN_ABOUT_RETURN_TYPE = YES_ERROR;
				GCC_WARN_UNDECLARED_SELECTOR = YES;
				GCC_WARN_UNINITIALIZED_AUTOS = YES_AGGRESSIVE;
				GCC_WARN_UNUSED_FUNCTION = YES;
				GCC_WARN_UNUSED_VARIABLE = YES;
				IPHONEOS_DEPLOYMENT_TARGET = 18.0;
				LOCALIZATION_PREFERS_STRING_CATALOGS = YES;
				MTL_ENABLE_DEBUG_INFO = INCLUDE_SOURCE;
				MTL_FAST_MATH = YES;
				ONLY_ACTIVE_ARCH = YES;
				SDKROOT = iphoneos;
				SWIFT_ACTIVE_COMPILATION_CONDITIONS = "DEBUG $(inherited)";
				SWIFT_OPTIMIZATION_LEVEL = "-Onone";
			};
			name = Debug;
		};
		11D1BB302D3811B100094717 /* Release */ = {
			isa = XCBuildConfiguration;
			buildSettings = {
				ALWAYS_SEARCH_USER_PATHS = NO;
				ASSETCATALOG_COMPILER_GENERATE_SWIFT_ASSET_SYMBOL_EXTENSIONS = YES;
				CLANG_ANALYZER_NONNULL = YES;
				CLANG_ANALYZER_NUMBER_OBJECT_CONVERSION = YES_AGGRESSIVE;
				CLANG_CXX_LANGUAGE_STANDARD = "gnu++20";
				CLANG_ENABLE_MODULES = YES;
				CLANG_ENABLE_OBJC_ARC = YES;
				CLANG_ENABLE_OBJC_WEAK = YES;
				CLANG_WARN_BLOCK_CAPTURE_AUTORELEASING = YES;
				CLANG_WARN_BOOL_CONVERSION = YES;
				CLANG_WARN_COMMA = YES;
				CLANG_WARN_CONSTANT_CONVERSION = YES;
				CLANG_WARN_DEPRECATED_OBJC_IMPLEMENTATIONS = YES;
				CLANG_WARN_DIRECT_OBJC_ISA_USAGE = YES_ERROR;
				CLANG_WARN_DOCUMENTATION_COMMENTS = YES;
				CLANG_WARN_EMPTY_BODY = YES;
				CLANG_WARN_ENUM_CONVERSION = YES;
				CLANG_WARN_INFINITE_RECURSION = YES;
				CLANG_WARN_INT_CONVERSION = YES;
				CLANG_WARN_NON_LITERAL_NULL_CONVERSION = YES;
				CLANG_WARN_OBJC_IMPLICIT_RETAIN_SELF = YES;
				CLANG_WARN_OBJC_LITERAL_CONVERSION = YES;
				CLANG_WARN_OBJC_ROOT_CLASS = YES_ERROR;
				CLANG_WARN_QUOTED_INCLUDE_IN_FRAMEWORK_HEADER = YES;
				CLANG_WARN_RANGE_LOOP_ANALYSIS = YES;
				CLANG_WARN_STRICT_PROTOTYPES = YES;
				CLANG_WARN_SUSPICIOUS_MOVE = YES;
				CLANG_WARN_UNGUARDED_AVAILABILITY = YES_AGGRESSIVE;
				CLANG_WARN_UNREACHABLE_CODE = YES;
				CLANG_WARN__DUPLICATE_METHOD_MATCH = YES;
				COPY_PHASE_STRIP = NO;
				DEBUG_INFORMATION_FORMAT = "dwarf-with-dsym";
				ENABLE_NS_ASSERTIONS = NO;
				ENABLE_STRICT_OBJC_MSGSEND = YES;
				ENABLE_USER_SCRIPT_SANDBOXING = YES;
				GCC_C_LANGUAGE_STANDARD = gnu17;
				GCC_NO_COMMON_BLOCKS = YES;
				GCC_WARN_64_TO_32_BIT_CONVERSION = YES;
				GCC_WARN_ABOUT_RETURN_TYPE = YES_ERROR;
				GCC_WARN_UNDECLARED_SELECTOR = YES;
				GCC_WARN_UNINITIALIZED_AUTOS = YES_AGGRESSIVE;
				GCC_WARN_UNUSED_FUNCTION = YES;
				GCC_WARN_UNUSED_VARIABLE = YES;
				IPHONEOS_DEPLOYMENT_TARGET = 18.0;
				LOCALIZATION_PREFERS_STRING_CATALOGS = YES;
				MTL_ENABLE_DEBUG_INFO = NO;
				MTL_FAST_MATH = YES;
				SDKROOT = iphoneos;
				SWIFT_COMPILATION_MODE = wholemodule;
				VALIDATE_PRODUCT = YES;
			};
			name = Release;
		};
		11D1BB322D3811B100094717 /* Debug */ = {
			isa = XCBuildConfiguration;
			buildSettings = {
				BUNDLE_LOADER = "$(TEST_HOST)";
				CODE_SIGN_STYLE = Automatic;
				CURRENT_PROJECT_VERSION = 1;
				DEVELOPMENT_TEAM = 53QN3B43CT;
				GENERATE_INFOPLIST_FILE = YES;
				IPHONEOS_DEPLOYMENT_TARGET = 18.0;
				MARKETING_VERSION = 1.0;
				PRODUCT_BUNDLE_IDENTIFIER = "hseproject.WhatToDo-PlannerTests";
				PRODUCT_NAME = "$(TARGET_NAME)";
				SWIFT_EMIT_LOC_STRINGS = NO;
				SWIFT_VERSION = 5.0;
				TARGETED_DEVICE_FAMILY = "1,2";
				TEST_HOST = "$(BUILT_PRODUCTS_DIR)/WhatToDo Planner.app/$(BUNDLE_EXECUTABLE_FOLDER_PATH)/WhatToDo Planner";
			};
			name = Debug;
		};
		11D1BB332D3811B100094717 /* Release */ = {
			isa = XCBuildConfiguration;
			buildSettings = {
				BUNDLE_LOADER = "$(TEST_HOST)";
				CODE_SIGN_STYLE = Automatic;
				CURRENT_PROJECT_VERSION = 1;
				DEVELOPMENT_TEAM = 53QN3B43CT;
				GENERATE_INFOPLIST_FILE = YES;
				IPHONEOS_DEPLOYMENT_TARGET = 18.0;
				MARKETING_VERSION = 1.0;
				PRODUCT_BUNDLE_IDENTIFIER = "hseproject.WhatToDo-PlannerTests";
				PRODUCT_NAME = "$(TARGET_NAME)";
				SWIFT_EMIT_LOC_STRINGS = NO;
				SWIFT_VERSION = 5.0;
				TARGETED_DEVICE_FAMILY = "1,2";
				TEST_HOST = "$(BUILT_PRODUCTS_DIR)/WhatToDo Planner.app/$(BUNDLE_EXECUTABLE_FOLDER_PATH)/WhatToDo Planner";
			};
			name = Release;
		};
		11D1BB352D3811B100094717 /* Debug */ = {
			isa = XCBuildConfiguration;
			buildSettings = {
				CODE_SIGN_STYLE = Automatic;
				CURRENT_PROJECT_VERSION = 1;
				DEVELOPMENT_TEAM = 53QN3B43CT;
				GENERATE_INFOPLIST_FILE = YES;
				MARKETING_VERSION = 1.0;
				PRODUCT_BUNDLE_IDENTIFIER = "hseproject.WhatToDo-PlannerUITests";
				PRODUCT_NAME = "$(TARGET_NAME)";
				SWIFT_EMIT_LOC_STRINGS = NO;
				SWIFT_VERSION = 5.0;
				TARGETED_DEVICE_FAMILY = "1,2";
				TEST_TARGET_NAME = "WhatToDo Planner";
			};
			name = Debug;
		};
		11D1BB362D3811B100094717 /* Release */ = {
			isa = XCBuildConfiguration;
			buildSettings = {
				CODE_SIGN_STYLE = Automatic;
				CURRENT_PROJECT_VERSION = 1;
				DEVELOPMENT_TEAM = 53QN3B43CT;
				GENERATE_INFOPLIST_FILE = YES;
				MARKETING_VERSION = 1.0;
				PRODUCT_BUNDLE_IDENTIFIER = "hseproject.WhatToDo-PlannerUITests";
				PRODUCT_NAME = "$(TARGET_NAME)";
				SWIFT_EMIT_LOC_STRINGS = NO;
				SWIFT_VERSION = 5.0;
				TARGETED_DEVICE_FAMILY = "1,2";
				TEST_TARGET_NAME = "WhatToDo Planner";
			};
			name = Release;
		};
/* End XCBuildConfiguration section */

/* Begin XCConfigurationList section */
		11D1BAFB2D3811AF00094717 /* Build configuration list for PBXProject "WhatToDo Planner" */ = {
			isa = XCConfigurationList;
			buildConfigurations = (
				11D1BB2F2D3811B100094717 /* Debug */,
				11D1BB302D3811B100094717 /* Release */,
			);
			defaultConfigurationIsVisible = 0;
			defaultConfigurationName = Release;
		};
		11D1BB2C2D3811B100094717 /* Build configuration list for PBXNativeTarget "WhatToDo Planner" */ = {
			isa = XCConfigurationList;
			buildConfigurations = (
				11D1BB2D2D3811B100094717 /* Debug */,
				11D1BB2E2D3811B100094717 /* Release */,
			);
			defaultConfigurationIsVisible = 0;
			defaultConfigurationName = Release;
		};
		11D1BB312D3811B100094717 /* Build configuration list for PBXNativeTarget "WhatToDo PlannerTests" */ = {
			isa = XCConfigurationList;
			buildConfigurations = (
				11D1BB322D3811B100094717 /* Debug */,
				11D1BB332D3811B100094717 /* Release */,
			);
			defaultConfigurationIsVisible = 0;
			defaultConfigurationName = Release;
		};
		11D1BB342D3811B100094717 /* Build configuration list for PBXNativeTarget "WhatToDo PlannerUITests" */ = {
			isa = XCConfigurationList;
			buildConfigurations = (
				11D1BB352D3811B100094717 /* Debug */,
				11D1BB362D3811B100094717 /* Release */,
			);
			defaultConfigurationIsVisible = 0;
			defaultConfigurationName = Release;
		};
/* End XCConfigurationList section */
	};
	rootObject = 11D1BAF82D3811AF00094717 /* Project object */;
}
